// !$*UTF8*$!
{
	archiveVersion = 1;
	classes = {
	};
	objectVersion = 56;
	objects = {

/* Begin PBXBuildFile section */
		A620B60128E1CA800066BF6E /* ContainerViewController.swift in Sources */ = {isa = PBXBuildFile; fileRef = A620B5FF28E1CA800066BF6E /* ContainerViewController.swift */; };
		A620B60228E1CA800066BF6E /* ContainerViewController.xib in Resources */ = {isa = PBXBuildFile; fileRef = A620B60028E1CA800066BF6E /* ContainerViewController.xib */; };
		A620B60928E1D5BA0066BF6E /* BottomBarViewController.swift in Sources */ = {isa = PBXBuildFile; fileRef = A620B60728E1D5BA0066BF6E /* BottomBarViewController.swift */; };
		A620B60A28E1D5BA0066BF6E /* BottomBarViewController.xib in Resources */ = {isa = PBXBuildFile; fileRef = A620B60828E1D5BA0066BF6E /* BottomBarViewController.xib */; };
		A651375D28E47771008C3631 /* InformationBaseViewController.swift in Sources */ = {isa = PBXBuildFile; fileRef = A651375B28E47771008C3631 /* InformationBaseViewController.swift */; };
		A651375E28E47771008C3631 /* InformationBaseViewController.xib in Resources */ = {isa = PBXBuildFile; fileRef = A651375C28E47771008C3631 /* InformationBaseViewController.xib */; };
		A652651528E734B500CFB6C6 /* DetailsTopBarViewController.swift in Sources */ = {isa = PBXBuildFile; fileRef = A652651328E734B500CFB6C6 /* DetailsTopBarViewController.swift */; };
		A652651628E734B500CFB6C6 /* DetailsTopBarViewController.xib in Resources */ = {isa = PBXBuildFile; fileRef = A652651428E734B500CFB6C6 /* DetailsTopBarViewController.xib */; };
		A66DD73828E3516D00FCEF30 /* Vegetable.swift in Sources */ = {isa = PBXBuildFile; fileRef = A66DD73728E3516D00FCEF30 /* Vegetable.swift */; };
		A69B1DC028E1C78500BA13CA /* AppDelegate.swift in Sources */ = {isa = PBXBuildFile; fileRef = A69B1DBF28E1C78500BA13CA /* AppDelegate.swift */; };
		A69B1DC228E1C78500BA13CA /* SceneDelegate.swift in Sources */ = {isa = PBXBuildFile; fileRef = A69B1DC128E1C78500BA13CA /* SceneDelegate.swift */; };
		A69B1DC928E1C78700BA13CA /* Assets.xcassets in Resources */ = {isa = PBXBuildFile; fileRef = A69B1DC828E1C78700BA13CA /* Assets.xcassets */; };
		A69B1DCC28E1C78700BA13CA /* LaunchScreen.storyboard in Resources */ = {isa = PBXBuildFile; fileRef = A69B1DCA28E1C78700BA13CA /* LaunchScreen.storyboard */; };
		A69B754428FAF4EA007D9FF8 /* Delegate.swift in Sources */ = {isa = PBXBuildFile; fileRef = A69B754328FAF4EA007D9FF8 /* Delegate.swift */; };
		A6E3EAFD28E301A6002C4C69 /* BaseViewController.swift in Sources */ = {isa = PBXBuildFile; fileRef = A6E3EAFB28E301A6002C4C69 /* BaseViewController.swift */; };
		A6E3EAFE28E301A6002C4C69 /* BaseViewController.xib in Resources */ = {isa = PBXBuildFile; fileRef = A6E3EAFC28E301A6002C4C69 /* BaseViewController.xib */; };
		A6E3EB0128E32359002C4C69 /* ChoiceTableViewCell.swift in Sources */ = {isa = PBXBuildFile; fileRef = A6E3EAFF28E32359002C4C69 /* ChoiceTableViewCell.swift */; };
		A6E3EB0228E32359002C4C69 /* ChoiceTableViewCell.xib in Resources */ = {isa = PBXBuildFile; fileRef = A6E3EB0028E32359002C4C69 /* ChoiceTableViewCell.xib */; };
		A6E3EB0428E32485002C4C69 /* Fruits.swift in Sources */ = {isa = PBXBuildFile; fileRef = A6E3EB0328E32485002C4C69 /* Fruits.swift */; };
		A6F3973F28E73B13007BB4B0 /* ChooseViewController.swift in Sources */ = {isa = PBXBuildFile; fileRef = A6F3973D28E73B13007BB4B0 /* ChooseViewController.swift */; };
		A6F3974028E73B13007BB4B0 /* ChooseViewController.xib in Resources */ = {isa = PBXBuildFile; fileRef = A6F3973E28E73B13007BB4B0 /* ChooseViewController.xib */; };
		A6FC8DF928E2FCAA00C7C6C4 /* NavigationViewController.swift in Sources */ = {isa = PBXBuildFile; fileRef = A6FC8DF728E2FCAA00C7C6C4 /* NavigationViewController.swift */; };
		A6FC8DFA28E2FCAA00C7C6C4 /* NavigationViewController.xib in Resources */ = {isa = PBXBuildFile; fileRef = A6FC8DF828E2FCAA00C7C6C4 /* NavigationViewController.xib */; };
/* End PBXBuildFile section */

/* Begin PBXFileReference section */
		A620B5FF28E1CA800066BF6E /* ContainerViewController.swift */ = {isa = PBXFileReference; lastKnownFileType = sourcecode.swift; path = ContainerViewController.swift; sourceTree = "<group>"; };
		A620B60028E1CA800066BF6E /* ContainerViewController.xib */ = {isa = PBXFileReference; lastKnownFileType = file.xib; path = ContainerViewController.xib; sourceTree = "<group>"; };
		A620B60728E1D5BA0066BF6E /* BottomBarViewController.swift */ = {isa = PBXFileReference; lastKnownFileType = sourcecode.swift; path = BottomBarViewController.swift; sourceTree = "<group>"; };
		A620B60828E1D5BA0066BF6E /* BottomBarViewController.xib */ = {isa = PBXFileReference; lastKnownFileType = file.xib; path = BottomBarViewController.xib; sourceTree = "<group>"; };
		A651375B28E47771008C3631 /* InformationBaseViewController.swift */ = {isa = PBXFileReference; lastKnownFileType = sourcecode.swift; path = InformationBaseViewController.swift; sourceTree = "<group>"; };
		A651375C28E47771008C3631 /* InformationBaseViewController.xib */ = {isa = PBXFileReference; lastKnownFileType = file.xib; path = InformationBaseViewController.xib; sourceTree = "<group>"; };
		A652651328E734B500CFB6C6 /* DetailsTopBarViewController.swift */ = {isa = PBXFileReference; lastKnownFileType = sourcecode.swift; path = DetailsTopBarViewController.swift; sourceTree = "<group>"; };
		A652651428E734B500CFB6C6 /* DetailsTopBarViewController.xib */ = {isa = PBXFileReference; lastKnownFileType = file.xib; path = DetailsTopBarViewController.xib; sourceTree = "<group>"; };
		A66DD73728E3516D00FCEF30 /* Vegetable.swift */ = {isa = PBXFileReference; lastKnownFileType = sourcecode.swift; path = Vegetable.swift; sourceTree = "<group>"; };
		A69B1DBC28E1C78500BA13CA /* Good Choice.app */ = {isa = PBXFileReference; explicitFileType = wrapper.application; includeInIndex = 0; path = "Good Choice.app"; sourceTree = BUILT_PRODUCTS_DIR; };
		A69B1DBF28E1C78500BA13CA /* AppDelegate.swift */ = {isa = PBXFileReference; lastKnownFileType = sourcecode.swift; path = AppDelegate.swift; sourceTree = "<group>"; };
		A69B1DC128E1C78500BA13CA /* SceneDelegate.swift */ = {isa = PBXFileReference; lastKnownFileType = sourcecode.swift; path = SceneDelegate.swift; sourceTree = "<group>"; };
		A69B1DC828E1C78700BA13CA /* Assets.xcassets */ = {isa = PBXFileReference; lastKnownFileType = folder.assetcatalog; path = Assets.xcassets; sourceTree = "<group>"; };
		A69B1DCB28E1C78700BA13CA /* Base */ = {isa = PBXFileReference; lastKnownFileType = file.storyboard; name = Base; path = Base.lproj/LaunchScreen.storyboard; sourceTree = "<group>"; };
		A69B1DCD28E1C78700BA13CA /* Info.plist */ = {isa = PBXFileReference; lastKnownFileType = text.plist.xml; path = Info.plist; sourceTree = "<group>"; };
		A69B754328FAF4EA007D9FF8 /* Delegate.swift */ = {isa = PBXFileReference; lastKnownFileType = sourcecode.swift; path = Delegate.swift; sourceTree = "<group>"; };
		A6E3EAFB28E301A6002C4C69 /* BaseViewController.swift */ = {isa = PBXFileReference; lastKnownFileType = sourcecode.swift; path = BaseViewController.swift; sourceTree = "<group>"; };
		A6E3EAFC28E301A6002C4C69 /* BaseViewController.xib */ = {isa = PBXFileReference; lastKnownFileType = file.xib; path = BaseViewController.xib; sourceTree = "<group>"; };
		A6E3EAFF28E32359002C4C69 /* ChoiceTableViewCell.swift */ = {isa = PBXFileReference; lastKnownFileType = sourcecode.swift; path = ChoiceTableViewCell.swift; sourceTree = "<group>"; };
		A6E3EB0028E32359002C4C69 /* ChoiceTableViewCell.xib */ = {isa = PBXFileReference; lastKnownFileType = file.xib; path = ChoiceTableViewCell.xib; sourceTree = "<group>"; };
		A6E3EB0328E32485002C4C69 /* Fruits.swift */ = {isa = PBXFileReference; lastKnownFileType = sourcecode.swift; path = Fruits.swift; sourceTree = "<group>"; };
		A6F3973D28E73B13007BB4B0 /* ChooseViewController.swift */ = {isa = PBXFileReference; lastKnownFileType = sourcecode.swift; path = ChooseViewController.swift; sourceTree = "<group>"; };
		A6F3973E28E73B13007BB4B0 /* ChooseViewController.xib */ = {isa = PBXFileReference; lastKnownFileType = file.xib; path = ChooseViewController.xib; sourceTree = "<group>"; };
		A6FC8DF728E2FCAA00C7C6C4 /* NavigationViewController.swift */ = {isa = PBXFileReference; lastKnownFileType = sourcecode.swift; path = NavigationViewController.swift; sourceTree = "<group>"; };
		A6FC8DF828E2FCAA00C7C6C4 /* NavigationViewController.xib */ = {isa = PBXFileReference; lastKnownFileType = file.xib; path = NavigationViewController.xib; sourceTree = "<group>"; };
/* End PBXFileReference section */

/* Begin PBXFrameworksBuildPhase section */
		A69B1DB928E1C78500BA13CA /* Frameworks */ = {
			isa = PBXFrameworksBuildPhase;
			buildActionMask = 2147483647;
			files = (
			);
			runOnlyForDeploymentPostprocessing = 0;
		};
/* End PBXFrameworksBuildPhase section */

/* Begin PBXGroup section */
		A617C1C828E1C9700007ED3E /* Supporting files */ = {
			isa = PBXGroup;
			children = (
				A69B1DBF28E1C78500BA13CA /* AppDelegate.swift */,
				A69B1DC128E1C78500BA13CA /* SceneDelegate.swift */,
				A69B1DC828E1C78700BA13CA /* Assets.xcassets */,
			);
			path = "Supporting files";
			sourceTree = "<group>";
		};
		A617C1C928E1C99C0007ED3E /* Controller */ = {
			isa = PBXGroup;
			children = (
				A620B5FF28E1CA800066BF6E /* ContainerViewController.swift */,
				A651375B28E47771008C3631 /* InformationBaseViewController.swift */,
				A620B60728E1D5BA0066BF6E /* BottomBarViewController.swift */,
				A6F3973D28E73B13007BB4B0 /* ChooseViewController.swift */,
				A6FC8DF728E2FCAA00C7C6C4 /* NavigationViewController.swift */,
				A6E3EAFB28E301A6002C4C69 /* BaseViewController.swift */,
				A6E3EAFF28E32359002C4C69 /* ChoiceTableViewCell.swift */,
				A652651328E734B500CFB6C6 /* DetailsTopBarViewController.swift */,
			);
			path = Controller;
			sourceTree = "<group>";
		};
		A617C1CA28E1C9A70007ED3E /* View */ = {
			isa = PBXGroup;
			children = (
				A69B1DCA28E1C78700BA13CA /* LaunchScreen.storyboard */,
				A620B60028E1CA800066BF6E /* ContainerViewController.xib */,
				A620B60828E1D5BA0066BF6E /* BottomBarViewController.xib */,
				A6FC8DF828E2FCAA00C7C6C4 /* NavigationViewController.xib */,
				A6E3EAFC28E301A6002C4C69 /* BaseViewController.xib */,
				A651375C28E47771008C3631 /* InformationBaseViewController.xib */,
				A6E3EB0028E32359002C4C69 /* ChoiceTableViewCell.xib */,
				A6F3973E28E73B13007BB4B0 /* ChooseViewController.xib */,
				A652651428E734B500CFB6C6 /* DetailsTopBarViewController.xib */,
			);
			path = View;
			sourceTree = "<group>";
		};
		A617C1CB28E1C9C00007ED3E /* Model */ = {
			isa = PBXGroup;
			children = (
				A6E3EB0328E32485002C4C69 /* Fruits.swift */,
				A66DD73728E3516D00FCEF30 /* Vegetable.swift */,
				A69B754328FAF4EA007D9FF8 /* Delegate.swift */,
			);
			path = Model;
			sourceTree = "<group>";
		};
		A69B1DB328E1C78500BA13CA = {
			isa = PBXGroup;
			children = (
				A69B1DBE28E1C78500BA13CA /* Good Choice */,
				A69B1DBD28E1C78500BA13CA /* Products */,
			);
			sourceTree = "<group>";
		};
		A69B1DBD28E1C78500BA13CA /* Products */ = {
			isa = PBXGroup;
			children = (
				A69B1DBC28E1C78500BA13CA /* Good Choice.app */,
			);
			name = Products;
			sourceTree = "<group>";
		};
		A69B1DBE28E1C78500BA13CA /* Good Choice */ = {
			isa = PBXGroup;
			children = (
				A69B1DCD28E1C78700BA13CA /* Info.plist */,
				A617C1C828E1C9700007ED3E /* Supporting files */,
				A617C1CA28E1C9A70007ED3E /* View */,
				A617C1CB28E1C9C00007ED3E /* Model */,
				A617C1C928E1C99C0007ED3E /* Controller */,
			);
			path = "Good Choice";
			sourceTree = "<group>";
		};
/* End PBXGroup section */

/* Begin PBXNativeTarget section */
		A69B1DBB28E1C78500BA13CA /* Good Choice */ = {
			isa = PBXNativeTarget;
			buildConfigurationList = A69B1DD028E1C78700BA13CA /* Build configuration list for PBXNativeTarget "Good Choice" */;
			buildPhases = (
				A69B1DB828E1C78500BA13CA /* Sources */,
				A69B1DB928E1C78500BA13CA /* Frameworks */,
				A69B1DBA28E1C78500BA13CA /* Resources */,
			);
			buildRules = (
			);
			dependencies = (
			);
			name = "Good Choice";
			productName = "Good Choice";
			productReference = A69B1DBC28E1C78500BA13CA /* Good Choice.app */;
			productType = "com.apple.product-type.application";
		};
/* End PBXNativeTarget section */

/* Begin PBXProject section */
		A69B1DB428E1C78500BA13CA /* Project object */ = {
			isa = PBXProject;
			attributes = {
				BuildIndependentTargetsInParallel = 1;
				LastSwiftUpdateCheck = 1400;
				LastUpgradeCheck = 1400;
				TargetAttributes = {
					A69B1DBB28E1C78500BA13CA = {
						CreatedOnToolsVersion = 14.0;
					};
				};
			};
			buildConfigurationList = A69B1DB728E1C78500BA13CA /* Build configuration list for PBXProject "Good Choice" */;
			compatibilityVersion = "Xcode 14.0";
			developmentRegion = en;
			hasScannedForEncodings = 0;
			knownRegions = (
				en,
				Base,
			);
			mainGroup = A69B1DB328E1C78500BA13CA;
			productRefGroup = A69B1DBD28E1C78500BA13CA /* Products */;
			projectDirPath = "";
			projectRoot = "";
			targets = (
				A69B1DBB28E1C78500BA13CA /* Good Choice */,
			);
		};
/* End PBXProject section */

/* Begin PBXResourcesBuildPhase section */
		A69B1DBA28E1C78500BA13CA /* Resources */ = {
			isa = PBXResourcesBuildPhase;
			buildActionMask = 2147483647;
			files = (
				A69B1DCC28E1C78700BA13CA /* LaunchScreen.storyboard in Resources */,
				A620B60A28E1D5BA0066BF6E /* BottomBarViewController.xib in Resources */,
				A69B1DC928E1C78700BA13CA /* Assets.xcassets in Resources */,
				A6F3974028E73B13007BB4B0 /* ChooseViewController.xib in Resources */,
				A6E3EAFE28E301A6002C4C69 /* BaseViewController.xib in Resources */,
				A6FC8DFA28E2FCAA00C7C6C4 /* NavigationViewController.xib in Resources */,
				A620B60228E1CA800066BF6E /* ContainerViewController.xib in Resources */,
				A651375E28E47771008C3631 /* InformationBaseViewController.xib in Resources */,
				A652651628E734B500CFB6C6 /* DetailsTopBarViewController.xib in Resources */,
				A6E3EB0228E32359002C4C69 /* ChoiceTableViewCell.xib in Resources */,
			);
			runOnlyForDeploymentPostprocessing = 0;
		};
/* End PBXResourcesBuildPhase section */

/* Begin PBXSourcesBuildPhase section */
		A69B1DB828E1C78500BA13CA /* Sources */ = {
			isa = PBXSourcesBuildPhase;
			buildActionMask = 2147483647;
			files = (
				A69B1DC028E1C78500BA13CA /* AppDelegate.swift in Sources */,
				A620B60928E1D5BA0066BF6E /* BottomBarViewController.swift in Sources */,
				A620B60128E1CA800066BF6E /* ContainerViewController.swift in Sources */,
				A6FC8DF928E2FCAA00C7C6C4 /* NavigationViewController.swift in Sources */,
				A651375D28E47771008C3631 /* InformationBaseViewController.swift in Sources */,
				A6F3973F28E73B13007BB4B0 /* ChooseViewController.swift in Sources */,
				A66DD73828E3516D00FCEF30 /* Vegetable.swift in Sources */,
				A6E3EB0428E32485002C4C69 /* Fruits.swift in Sources */,
				A69B754428FAF4EA007D9FF8 /* Delegate.swift in Sources */,
				A6E3EB0128E32359002C4C69 /* ChoiceTableViewCell.swift in Sources */,
				A69B1DC228E1C78500BA13CA /* SceneDelegate.swift in Sources */,
				A652651528E734B500CFB6C6 /* DetailsTopBarViewController.swift in Sources */,
				A6E3EAFD28E301A6002C4C69 /* BaseViewController.swift in Sources */,
			);
			runOnlyForDeploymentPostprocessing = 0;
		};
/* End PBXSourcesBuildPhase section */

/* Begin PBXVariantGroup section */
		A69B1DCA28E1C78700BA13CA /* LaunchScreen.storyboard */ = {
			isa = PBXVariantGroup;
			children = (
				A69B1DCB28E1C78700BA13CA /* Base */,
			);
			name = LaunchScreen.storyboard;
			sourceTree = "<group>";
		};
/* End PBXVariantGroup section */

/* Begin XCBuildConfiguration section */
		A69B1DCE28E1C78700BA13CA /* Debug */ = {
			isa = XCBuildConfiguration;
			buildSettings = {
				ALWAYS_SEARCH_USER_PATHS = NO;
				CLANG_ANALYZER_NONNULL = YES;
				CLANG_ANALYZER_NUMBER_OBJECT_CONVERSION = YES_AGGRESSIVE;
				CLANG_CXX_LANGUAGE_STANDARD = "gnu++20";
				CLANG_ENABLE_MODULES = YES;
				CLANG_ENABLE_OBJC_ARC = YES;
				CLANG_ENABLE_OBJC_WEAK = YES;
				CLANG_WARN_BLOCK_CAPTURE_AUTORELEASING = YES;
				CLANG_WARN_BOOL_CONVERSION = YES;
				CLANG_WARN_COMMA = YES;
				CLANG_WARN_CONSTANT_CONVERSION = YES;
				CLANG_WARN_DEPRECATED_OBJC_IMPLEMENTATIONS = YES;
				CLANG_WARN_DIRECT_OBJC_ISA_USAGE = YES_ERROR;
				CLANG_WARN_DOCUMENTATION_COMMENTS = YES;
				CLANG_WARN_EMPTY_BODY = YES;
				CLANG_WARN_ENUM_CONVERSION = YES;
				CLANG_WARN_INFINITE_RECURSION = YES;
				CLANG_WARN_INT_CONVERSION = YES;
				CLANG_WARN_NON_LITERAL_NULL_CONVERSION = YES;
				CLANG_WARN_OBJC_IMPLICIT_RETAIN_SELF = YES;
				CLANG_WARN_OBJC_LITERAL_CONVERSION = YES;
				CLANG_WARN_OBJC_ROOT_CLASS = YES_ERROR;
				CLANG_WARN_QUOTED_INCLUDE_IN_FRAMEWORK_HEADER = YES;
				CLANG_WARN_RANGE_LOOP_ANALYSIS = YES;
				CLANG_WARN_STRICT_PROTOTYPES = YES;
				CLANG_WARN_SUSPICIOUS_MOVE = YES;
				CLANG_WARN_UNGUARDED_AVAILABILITY = YES_AGGRESSIVE;
				CLANG_WARN_UNREACHABLE_CODE = YES;
				CLANG_WARN__DUPLICATE_METHOD_MATCH = YES;
				COPY_PHASE_STRIP = NO;
				DEBUG_INFORMATION_FORMAT = dwarf;
				ENABLE_STRICT_OBJC_MSGSEND = YES;
				ENABLE_TESTABILITY = YES;
				GCC_C_LANGUAGE_STANDARD = gnu11;
				GCC_DYNAMIC_NO_PIC = NO;
				GCC_NO_COMMON_BLOCKS = YES;
				GCC_OPTIMIZATION_LEVEL = 0;
				GCC_PREPROCESSOR_DEFINITIONS = (
					"DEBUG=1",
					"$(inherited)",
				);
				GCC_WARN_64_TO_32_BIT_CONVERSION = YES;
				GCC_WARN_ABOUT_RETURN_TYPE = YES_ERROR;
				GCC_WARN_UNDECLARED_SELECTOR = YES;
				GCC_WARN_UNINITIALIZED_AUTOS = YES_AGGRESSIVE;
				GCC_WARN_UNUSED_FUNCTION = YES;
				GCC_WARN_UNUSED_VARIABLE = YES;
				IPHONEOS_DEPLOYMENT_TARGET = 16.0;
				MTL_ENABLE_DEBUG_INFO = INCLUDE_SOURCE;
				MTL_FAST_MATH = YES;
				ONLY_ACTIVE_ARCH = YES;
				SDKROOT = iphoneos;
				SWIFT_ACTIVE_COMPILATION_CONDITIONS = DEBUG;
				SWIFT_OPTIMIZATION_LEVEL = "-Onone";
			};
			name = Debug;
		};
		A69B1DCF28E1C78700BA13CA /* Release */ = {
			isa = XCBuildConfiguration;
			buildSettings = {
				ALWAYS_SEARCH_USER_PATHS = NO;
				CLANG_ANALYZER_NONNULL = YES;
				CLANG_ANALYZER_NUMBER_OBJECT_CONVERSION = YES_AGGRESSIVE;
				CLANG_CXX_LANGUAGE_STANDARD = "gnu++20";
				CLANG_ENABLE_MODULES = YES;
				CLANG_ENABLE_OBJC_ARC = YES;
				CLANG_ENABLE_OBJC_WEAK = YES;
				CLANG_WARN_BLOCK_CAPTURE_AUTORELEASING = YES;
				CLANG_WARN_BOOL_CONVERSION = YES;
				CLANG_WARN_COMMA = YES;
				CLANG_WARN_CONSTANT_CONVERSION = YES;
				CLANG_WARN_DEPRECATED_OBJC_IMPLEMENTATIONS = YES;
				CLANG_WARN_DIRECT_OBJC_ISA_USAGE = YES_ERROR;
				CLANG_WARN_DOCUMENTATION_COMMENTS = YES;
				CLANG_WARN_EMPTY_BODY = YES;
				CLANG_WARN_ENUM_CONVERSION = YES;
				CLANG_WARN_INFINITE_RECURSION = YES;
				CLANG_WARN_INT_CONVERSION = YES;
				CLANG_WARN_NON_LITERAL_NULL_CONVERSION = YES;
				CLANG_WARN_OBJC_IMPLICIT_RETAIN_SELF = YES;
				CLANG_WARN_OBJC_LITERAL_CONVERSION = YES;
				CLANG_WARN_OBJC_ROOT_CLASS = YES_ERROR;
				CLANG_WARN_QUOTED_INCLUDE_IN_FRAMEWORK_HEADER = YES;
				CLANG_WARN_RANGE_LOOP_ANALYSIS = YES;
				CLANG_WARN_STRICT_PROTOTYPES = YES;
				CLANG_WARN_SUSPICIOUS_MOVE = YES;
				CLANG_WARN_UNGUARDED_AVAILABILITY = YES_AGGRESSIVE;
				CLANG_WARN_UNREACHABLE_CODE = YES;
				CLANG_WARN__DUPLICATE_METHOD_MATCH = YES;
				COPY_PHASE_STRIP = NO;
				DEBUG_INFORMATION_FORMAT = "dwarf-with-dsym";
				ENABLE_NS_ASSERTIONS = NO;
				ENABLE_STRICT_OBJC_MSGSEND = YES;
				GCC_C_LANGUAGE_STANDARD = gnu11;
				GCC_NO_COMMON_BLOCKS = YES;
				GCC_WARN_64_TO_32_BIT_CONVERSION = YES;
				GCC_WARN_ABOUT_RETURN_TYPE = YES_ERROR;
				GCC_WARN_UNDECLARED_SELECTOR = YES;
				GCC_WARN_UNINITIALIZED_AUTOS = YES_AGGRESSIVE;
				GCC_WARN_UNUSED_FUNCTION = YES;
				GCC_WARN_UNUSED_VARIABLE = YES;
				IPHONEOS_DEPLOYMENT_TARGET = 16.0;
				MTL_ENABLE_DEBUG_INFO = NO;
				MTL_FAST_MATH = YES;
				SDKROOT = iphoneos;
				SWIFT_COMPILATION_MODE = wholemodule;
				SWIFT_OPTIMIZATION_LEVEL = "-O";
				VALIDATE_PRODUCT = YES;
			};
			name = Release;
		};
		A69B1DD128E1C78700BA13CA /* Debug */ = {
			isa = XCBuildConfiguration;
			buildSettings = {
				ASSETCATALOG_COMPILER_APPICON_NAME = AppIcon;
				ASSETCATALOG_COMPILER_GLOBAL_ACCENT_COLOR_NAME = AccentColor;
				CODE_SIGN_STYLE = Automatic;
				CURRENT_PROJECT_VERSION = 1;
				DEVELOPMENT_TEAM = T9TX49CS76;
				GENERATE_INFOPLIST_FILE = YES;
				IBSC_FLATTEN_NIBS = YES;
				INFOPLIST_FILE = "Good Choice/Info.plist";
				INFOPLIST_KEY_NSMainNibFile = ContainerViewController;
				INFOPLIST_KEY_UIApplicationSupportsIndirectInputEvents = YES;
				INFOPLIST_KEY_UILaunchStoryboardName = LaunchScreen;
				INFOPLIST_KEY_UIMainStoryboardFile = "";
				INFOPLIST_KEY_UIStatusBarHidden = NO;
				INFOPLIST_KEY_UIStatusBarStyle = "";
				INFOPLIST_KEY_UISupportedInterfaceOrientations = UIInterfaceOrientationPortrait;
				LD_RUNPATH_SEARCH_PATHS = (
					"$(inherited)",
					"@executable_path/Frameworks",
				);
				MARKETING_VERSION = 1.0;
				PRODUCT_BUNDLE_IDENTIFIER = "com.AdamMokhtar.Good-Choice";
				PRODUCT_NAME = "$(TARGET_NAME)";
				SUPPORTED_PLATFORMS = "iphoneos iphonesimulator";
				SUPPORTS_MACCATALYST = NO;
				SUPPORTS_MAC_DESIGNED_FOR_IPHONE_IPAD = YES;
				SWIFT_EMIT_LOC_STRINGS = YES;
				SWIFT_VERSION = 5.0;
				TARGETED_DEVICE_FAMILY = 1;
			};
			name = Debug;
		};
		A69B1DD228E1C78700BA13CA /* Release */ = {
			isa = XCBuildConfiguration;
			buildSettings = {
				ASSETCATALOG_COMPILER_APPICON_NAME = AppIcon;
				ASSETCATALOG_COMPILER_GLOBAL_ACCENT_COLOR_NAME = AccentColor;
				CODE_SIGN_STYLE = Automatic;
				CURRENT_PROJECT_VERSION = 1;
				DEVELOPMENT_TEAM = T9TX49CS76;
				GENERATE_INFOPLIST_FILE = YES;
				IBSC_FLATTEN_NIBS = YES;
				INFOPLIST_FILE = "Good Choice/Info.plist";
				INFOPLIST_KEY_NSMainNibFile = ContainerViewController;
				INFOPLIST_KEY_UIApplicationSupportsIndirectInputEvents = YES;
				INFOPLIST_KEY_UILaunchStoryboardName = LaunchScreen;
				INFOPLIST_KEY_UIMainStoryboardFile = "";
				INFOPLIST_KEY_UIStatusBarHidden = NO;
				INFOPLIST_KEY_UIStatusBarStyle = "";
				INFOPLIST_KEY_UISupportedInterfaceOrientations = UIInterfaceOrientationPortrait;
				LD_RUNPATH_SEARCH_PATHS = (
					"$(inherited)",
					"@executable_path/Frameworks",
				);
				MARKETING_VERSION = 1.0;
				PRODUCT_BUNDLE_IDENTIFIER = "com.AdamMokhtar.Good-Choice";
				PRODUCT_NAME = "$(TARGET_NAME)";
				SUPPORTED_PLATFORMS = "iphoneos iphonesimulator";
				SUPPORTS_MACCATALYST = NO;
				SUPPORTS_MAC_DESIGNED_FOR_IPHONE_IPAD = YES;
				SWIFT_EMIT_LOC_STRINGS = YES;
				SWIFT_VERSION = 5.0;
				TARGETED_DEVICE_FAMILY = 1;
			};
			name = Release;
		};
/* End XCBuildConfiguration section */

/* Begin XCConfigurationList section */
		A69B1DB728E1C78500BA13CA /* Build configuration list for PBXProject "Good Choice" */ = {
			isa = XCConfigurationList;
			buildConfigurations = (
				A69B1DCE28E1C78700BA13CA /* Debug */,
				A69B1DCF28E1C78700BA13CA /* Release */,
			);
			defaultConfigurationIsVisible = 0;
			defaultConfigurationName = Release;
		};
		A69B1DD028E1C78700BA13CA /* Build configuration list for PBXNativeTarget "Good Choice" */ = {
			isa = XCConfigurationList;
			buildConfigurations = (
				A69B1DD128E1C78700BA13CA /* Debug */,
				A69B1DD228E1C78700BA13CA /* Release */,
			);
			defaultConfigurationIsVisible = 0;
			defaultConfigurationName = Release;
		};
/* End XCConfigurationList section */
	};
	rootObject = A69B1DB428E1C78500BA13CA /* Project object */;
}
